
Microsoft Visual Studio Solution File, Format Version 12.00
# Visual Studio 15
VisualStudioVersion = 15.0.28010.2019
MinimumVisualStudioVersion = 10.0.40219.1
Project("{888888A0-9F3D-457C-B088-3A5042F75D52}") = "Work1_VSM", "Work1_VSM\Work1_VSM.pyproj", "{769F3288-D3FA-484D-81F0-75A4EB103D27}"
EndProject
Project("{888888A0-9F3D-457C-B088-3A5042F75D52}") = "Work2_NBC", "Work2_NBC\Work2_NBC.pyproj", "{8ABF13DC-8632-45DD-9C58-8A7CDAC2210E}"
EndProject
Project("{888888A0-9F3D-457C-B088-3A5042F75D52}") = "Work3_BRM", "Work3_BRM\Work3_BRM.pyproj", "{A5622440-2558-4E73-AC21-D44017758BEA}"
EndProject
Global
	GlobalSection(SolutionConfigurationPlatforms) = preSolution
		Debug|Any CPU = Debug|Any CPU
		Release|Any CPU = Release|Any CPU
	EndGlobalSection
	GlobalSection(ProjectConfigurationPlatforms) = postSolution
		{769F3288-D3FA-484D-81F0-75A4EB103D27}.Debug|Any CPU.ActiveCfg = Debug|Any CPU
		{769F3288-D3FA-484D-81F0-75A4EB103D27}.Release|Any CPU.ActiveCfg = Release|Any CPU
		{8ABF13DC-8632-45DD-9C58-8A7CDAC2210E}.Debug|Any CPU.ActiveCfg = Debug|Any CPU
		{8ABF13DC-8632-45DD-9C58-8A7CDAC2210E}.Release|Any CPU.ActiveCfg = Release|Any CPU
		{A5622440-2558-4E73-AC21-D44017758BEA}.Debug|Any CPU.ActiveCfg = Debug|Any CPU
		{A5622440-2558-4E73-AC21-D44017758BEA}.Release|Any CPU.ActiveCfg = Release|Any CPU
	EndGlobalSection
	GlobalSection(SolutionProperties) = preSolution
		HideSolutionNode = FALSE
	EndGlobalSection
	GlobalSection(ExtensibilityGlobals) = postSolution
		SolutionGuid = {ABE96DD4-5570-4FD1-8431-344BD789F4FF}
	EndGlobalSection
EndGlobal
