
Microsoft Visual Studio Solution File, Format Version 12.00
# Visual Studio 15
VisualStudioVersion = 15.0.28010.2019
MinimumVisualStudioVersion = 10.0.40219.1
Project("{888888A0-9F3D-457C-B088-3A5042F75D52}") = "Work1_VSM", "201600130032LuYuCheng\Work1_VSM.pyproj", "{925BB3EB-CE82-4AF1-A329-7D473B8AA303}"
EndProject
Global
	GlobalSection(SolutionConfigurationPlatforms) = preSolution
		Debug|Any CPU = Debug|Any CPU
		Release|Any CPU = Release|Any CPU
	EndGlobalSection
	GlobalSection(ProjectConfigurationPlatforms) = postSolution
		{925BB3EB-CE82-4AF1-A329-7D473B8AA303}.Debug|Any CPU.ActiveCfg = Debug|Any CPU
		{925BB3EB-CE82-4AF1-A329-7D473B8AA303}.Release|Any CPU.ActiveCfg = Release|Any CPU
	EndGlobalSection
	GlobalSection(SolutionProperties) = preSolution
		HideSolutionNode = FALSE
	EndGlobalSection
	GlobalSection(ExtensibilityGlobals) = postSolution
		SolutionGuid = {2CC879C0-37A6-41BE-ABEF-46CF9E8FB2C9}
	EndGlobalSection
EndGlobal
